
Microsoft Visual Studio Solution File, Format Version 12.00
# Visual Studio Version 16
VisualStudioVersion = 16.0.29215.179
MinimumVisualStudioVersion = 10.0.40219.1
Project("{FAE04EC0-301F-11D3-BF4B-00C04F79EFBC}") = "webAppJWT", "webAppJWT\webAppJWT.csproj", "{73A2F2DB-9E9D-4C52-B7CD-16D432643717}"
EndProject
Global
	GlobalSection(SolutionConfigurationPlatforms) = preSolution
		Debug|Any CPU = Debug|Any CPU
		Release|Any CPU = Release|Any CPU
	EndGlobalSection
	GlobalSection(ProjectConfigurationPlatforms) = postSolution
		{73A2F2DB-9E9D-4C52-B7CD-16D432643717}.Debug|Any CPU.ActiveCfg = Debug|Any CPU
		{73A2F2DB-9E9D-4C52-B7CD-16D432643717}.Debug|Any CPU.Build.0 = Debug|Any CPU
		{73A2F2DB-9E9D-4C52-B7CD-16D432643717}.Release|Any CPU.ActiveCfg = Release|Any CPU
		{73A2F2DB-9E9D-4C52-B7CD-16D432643717}.Release|Any CPU.Build.0 = Release|Any CPU
	EndGlobalSection
	GlobalSection(SolutionProperties) = preSolution
		HideSolutionNode = FALSE
	EndGlobalSection
	GlobalSection(ExtensibilityGlobals) = postSolution
		SolutionGuid = {0164F3CA-BE6C-49AF-9310-FB641E0023E1}
	EndGlobalSection
EndGlobal
